
Microsoft Visual Studio Solution File, Format Version 12.00
# Visual Studio Version 17
VisualStudioVersion = 17.9.34616.47
MinimumVisualStudioVersion = 10.0.40219.1
Project("{9A19103F-16F7-4668-BE54-9A1E7A4F7556}") = "BookingDriverAss1", "BookingDriverAss1\BookingDriverAss1.csproj", "{7E764846-7CC9-4115-B474-207DD72CD2E5}"
EndProject
Project("{9A19103F-16F7-4668-BE54-9A1E7A4F7556}") = "Application", "Application\Application.csproj", "{90D58086-E6D1-403A-AAB2-0AA4907B18A1}"
EndProject
Project("{9A19103F-16F7-4668-BE54-9A1E7A4F7556}") = "Infrastructure", "Infrastructure\Infrastructure.csproj", "{F00CB623-F618-4064-93DA-E1442A6083B7}"
EndProject
Global
	GlobalSection(SolutionConfigurationPlatforms) = preSolution
		Debug|Any CPU = Debug|Any CPU
		Release|Any CPU = Release|Any CPU
	EndGlobalSection
	GlobalSection(ProjectConfigurationPlatforms) = postSolution
		{7E764846-7CC9-4115-B474-207DD72CD2E5}.Debug|Any CPU.ActiveCfg = Debug|Any CPU
		{7E764846-7CC9-4115-B474-207DD72CD2E5}.Debug|Any CPU.Build.0 = Debug|Any CPU
		{7E764846-7CC9-4115-B474-207DD72CD2E5}.Release|Any CPU.ActiveCfg = Release|Any CPU
		{7E764846-7CC9-4115-B474-207DD72CD2E5}.Release|Any CPU.Build.0 = Release|Any CPU
		{90D58086-E6D1-403A-AAB2-0AA4907B18A1}.Debug|Any CPU.ActiveCfg = Debug|Any CPU
		{90D58086-E6D1-403A-AAB2-0AA4907B18A1}.Debug|Any CPU.Build.0 = Debug|Any CPU
		{90D58086-E6D1-403A-AAB2-0AA4907B18A1}.Release|Any CPU.ActiveCfg = Release|Any CPU
		{90D58086-E6D1-403A-AAB2-0AA4907B18A1}.Release|Any CPU.Build.0 = Release|Any CPU
		{F00CB623-F618-4064-93DA-E1442A6083B7}.Debug|Any CPU.ActiveCfg = Debug|Any CPU
		{F00CB623-F618-4064-93DA-E1442A6083B7}.Debug|Any CPU.Build.0 = Debug|Any CPU
		{F00CB623-F618-4064-93DA-E1442A6083B7}.Release|Any CPU.ActiveCfg = Release|Any CPU
		{F00CB623-F618-4064-93DA-E1442A6083B7}.Release|Any CPU.Build.0 = Release|Any CPU
	EndGlobalSection
	GlobalSection(SolutionProperties) = preSolution
		HideSolutionNode = FALSE
	EndGlobalSection
	GlobalSection(ExtensibilityGlobals) = postSolution
		SolutionGuid = {FEA82345-C422-4BB1-B0EB-054FE5F78C70}
	EndGlobalSection
EndGlobal
